// !$*UTF8*$!
{
	archiveVersion = 1;
	classes = {
	};
	objectVersion = 50;
	objects = {

/* Begin PBXBuildFile section */
		FFFF484825D6DE7E002389AE /* AppDelegate.swift in Sources */ = {isa = PBXBuildFile; fileRef = FFFF484725D6DE7E002389AE /* AppDelegate.swift */; };
		FFFF484A25D6DE7E002389AE /* SceneDelegate.swift in Sources */ = {isa = PBXBuildFile; fileRef = FFFF484925D6DE7E002389AE /* SceneDelegate.swift */; };
		FFFF484F25D6DE7E002389AE /* Main.storyboard in Resources */ = {isa = PBXBuildFile; fileRef = FFFF484D25D6DE7E002389AE /* Main.storyboard */; };
		FFFF485125D6DE7F002389AE /* Assets.xcassets in Resources */ = {isa = PBXBuildFile; fileRef = FFFF485025D6DE7F002389AE /* Assets.xcassets */; };
		FFFF485425D6DE7F002389AE /* LaunchScreen.storyboard in Resources */ = {isa = PBXBuildFile; fileRef = FFFF485225D6DE7F002389AE /* LaunchScreen.storyboard */; };
		FFFF486825D6DF33002389AE /* CoreDataStack.swift in Sources */ = {isa = PBXBuildFile; fileRef = FFFF486725D6DF33002389AE /* CoreDataStack.swift */; };
		FFFF486F25D6E0BD002389AE /* RandomizerViewController.swift in Sources */ = {isa = PBXBuildFile; fileRef = FFFF486E25D6E0BD002389AE /* RandomizerViewController.swift */; };
		FFFF487225D6E10B002389AE /* RandomizerController.swift in Sources */ = {isa = PBXBuildFile; fileRef = FFFF487125D6E10B002389AE /* RandomizerController.swift */; };
		FFFF487525D6E18A002389AE /* Person+Convenience.swift in Sources */ = {isa = PBXBuildFile; fileRef = FFFF487425D6E18A002389AE /* Person+Convenience.swift */; };
		FFFF487825D6E87C002389AE /* Person.xcdatamodeld in Sources */ = {isa = PBXBuildFile; fileRef = FFFF486A25D6DF74002389AE /* Person.xcdatamodeld */; };
/* End PBXBuildFile section */

/* Begin PBXFileReference section */
		FFFF484425D6DE7E002389AE /* FinalAssessment.app */ = {isa = PBXFileReference; explicitFileType = wrapper.application; includeInIndex = 0; path = FinalAssessment.app; sourceTree = BUILT_PRODUCTS_DIR; };
		FFFF484725D6DE7E002389AE /* AppDelegate.swift */ = {isa = PBXFileReference; lastKnownFileType = sourcecode.swift; path = AppDelegate.swift; sourceTree = "<group>"; };
		FFFF484925D6DE7E002389AE /* SceneDelegate.swift */ = {isa = PBXFileReference; lastKnownFileType = sourcecode.swift; path = SceneDelegate.swift; sourceTree = "<group>"; };
		FFFF484E25D6DE7E002389AE /* Base */ = {isa = PBXFileReference; lastKnownFileType = file.storyboard; name = Base; path = Base.lproj/Main.storyboard; sourceTree = "<group>"; };
		FFFF485025D6DE7F002389AE /* Assets.xcassets */ = {isa = PBXFileReference; lastKnownFileType = folder.assetcatalog; path = Assets.xcassets; sourceTree = "<group>"; };
		FFFF485325D6DE7F002389AE /* Base */ = {isa = PBXFileReference; lastKnownFileType = file.storyboard; name = Base; path = Base.lproj/LaunchScreen.storyboard; sourceTree = "<group>"; };
		FFFF485525D6DE7F002389AE /* Info.plist */ = {isa = PBXFileReference; lastKnownFileType = text.plist.xml; path = Info.plist; sourceTree = "<group>"; };
		FFFF486725D6DF33002389AE /* CoreDataStack.swift */ = {isa = PBXFileReference; lastKnownFileType = sourcecode.swift; path = CoreDataStack.swift; sourceTree = "<group>"; };
		FFFF486B25D6DF74002389AE /* Person.xcdatamodel */ = {isa = PBXFileReference; lastKnownFileType = wrapper.xcdatamodel; path = Person.xcdatamodel; sourceTree = "<group>"; };
		FFFF486E25D6E0BD002389AE /* RandomizerViewController.swift */ = {isa = PBXFileReference; lastKnownFileType = sourcecode.swift; path = RandomizerViewController.swift; sourceTree = "<group>"; };
		FFFF487125D6E10B002389AE /* RandomizerController.swift */ = {isa = PBXFileReference; lastKnownFileType = sourcecode.swift; path = RandomizerController.swift; sourceTree = "<group>"; };
		FFFF487425D6E18A002389AE /* Person+Convenience.swift */ = {isa = PBXFileReference; lastKnownFileType = sourcecode.swift; path = "Person+Convenience.swift"; sourceTree = "<group>"; };
/* End PBXFileReference section */

/* Begin PBXFrameworksBuildPhase section */
		FFFF484125D6DE7E002389AE /* Frameworks */ = {
			isa = PBXFrameworksBuildPhase;
			buildActionMask = 2147483647;
			files = (
			);
			runOnlyForDeploymentPostprocessing = 0;
		};
/* End PBXFrameworksBuildPhase section */

/* Begin PBXGroup section */
		FFFF483B25D6DE7E002389AE = {
			isa = PBXGroup;
			children = (
				FFFF484625D6DE7E002389AE /* FinalAssessment */,
				FFFF484525D6DE7E002389AE /* Products */,
			);
			sourceTree = "<group>";
		};
		FFFF484525D6DE7E002389AE /* Products */ = {
			isa = PBXGroup;
			children = (
				FFFF484425D6DE7E002389AE /* FinalAssessment.app */,
			);
			name = Products;
			sourceTree = "<group>";
		};
		FFFF484625D6DE7E002389AE /* FinalAssessment */ = {
			isa = PBXGroup;
			children = (
				FFFF486625D6DF26002389AE /* Extensions and Helpers */,
				FFFF486025D6DEA4002389AE /* Controllers */,
				FFFF485F25D6DEA0002389AE /* Views */,
				FFFF485C25D6DE8C002389AE /* Resources */,
			);
			path = FinalAssessment;
			sourceTree = "<group>";
		};
		FFFF485C25D6DE8C002389AE /* Resources */ = {
			isa = PBXGroup;
			children = (
				FFFF484725D6DE7E002389AE /* AppDelegate.swift */,
				FFFF484925D6DE7E002389AE /* SceneDelegate.swift */,
				FFFF485025D6DE7F002389AE /* Assets.xcassets */,
				FFFF485525D6DE7F002389AE /* Info.plist */,
			);
			path = Resources;
			sourceTree = "<group>";
		};
		FFFF485F25D6DEA0002389AE /* Views */ = {
			isa = PBXGroup;
			children = (
				FFFF486425D6DEBE002389AE /* Storyboards */,
			);
			path = Views;
			sourceTree = "<group>";
		};
		FFFF486025D6DEA4002389AE /* Controllers */ = {
			isa = PBXGroup;
			children = (
				FFFF486325D6DEB2002389AE /* Model Controllers */,
				FFFF486225D6DEAD002389AE /* View Controllers */,
			);
			path = Controllers;
			sourceTree = "<group>";
		};
		FFFF486225D6DEAD002389AE /* View Controllers */ = {
			isa = PBXGroup;
			children = (
				FFFF486E25D6E0BD002389AE /* RandomizerViewController.swift */,
			);
			path = "View Controllers";
			sourceTree = "<group>";
		};
		FFFF486325D6DEB2002389AE /* Model Controllers */ = {
			isa = PBXGroup;
			children = (
				FFFF487125D6E10B002389AE /* RandomizerController.swift */,
			);
			path = "Model Controllers";
			sourceTree = "<group>";
		};
		FFFF486425D6DEBE002389AE /* Storyboards */ = {
			isa = PBXGroup;
			children = (
				FFFF485225D6DE7F002389AE /* LaunchScreen.storyboard */,
				FFFF484D25D6DE7E002389AE /* Main.storyboard */,
			);
			path = Storyboards;
			sourceTree = "<group>";
		};
		FFFF486625D6DF26002389AE /* Extensions and Helpers */ = {
			isa = PBXGroup;
			children = (
				FFFF486725D6DF33002389AE /* CoreDataStack.swift */,
				FFFF486A25D6DF74002389AE /* Person.xcdatamodeld */,
				FFFF487425D6E18A002389AE /* Person+Convenience.swift */,
			);
			path = "Extensions and Helpers";
			sourceTree = "<group>";
		};
/* End PBXGroup section */

/* Begin PBXNativeTarget section */
		FFFF484325D6DE7E002389AE /* FinalAssessment */ = {
			isa = PBXNativeTarget;
			buildConfigurationList = FFFF485825D6DE7F002389AE /* Build configuration list for PBXNativeTarget "FinalAssessment" */;
			buildPhases = (
				FFFF484025D6DE7E002389AE /* Sources */,
				FFFF484125D6DE7E002389AE /* Frameworks */,
				FFFF484225D6DE7E002389AE /* Resources */,
			);
			buildRules = (
			);
			dependencies = (
			);
			name = FinalAssessment;
			productName = FinalAssessment;
			productReference = FFFF484425D6DE7E002389AE /* FinalAssessment.app */;
			productType = "com.apple.product-type.application";
		};
/* End PBXNativeTarget section */

/* Begin PBXProject section */
		FFFF483C25D6DE7E002389AE /* Project object */ = {
			isa = PBXProject;
			attributes = {
				LastSwiftUpdateCheck = 1230;
				LastUpgradeCheck = 1230;
				TargetAttributes = {
					FFFF484325D6DE7E002389AE = {
						CreatedOnToolsVersion = 12.3;
					};
				};
			};
			buildConfigurationList = FFFF483F25D6DE7E002389AE /* Build configuration list for PBXProject "FinalAssessment" */;
			compatibilityVersion = "Xcode 9.3";
			developmentRegion = en;
			hasScannedForEncodings = 0;
			knownRegions = (
				en,
				Base,
			);
			mainGroup = FFFF483B25D6DE7E002389AE;
			productRefGroup = FFFF484525D6DE7E002389AE /* Products */;
			projectDirPath = "";
			projectRoot = "";
			targets = (
				FFFF484325D6DE7E002389AE /* FinalAssessment */,
			);
		};
/* End PBXProject section */

/* Begin PBXResourcesBuildPhase section */
		FFFF484225D6DE7E002389AE /* Resources */ = {
			isa = PBXResourcesBuildPhase;
			buildActionMask = 2147483647;
			files = (
				FFFF485425D6DE7F002389AE /* LaunchScreen.storyboard in Resources */,
				FFFF485125D6DE7F002389AE /* Assets.xcassets in Resources */,
				FFFF484F25D6DE7E002389AE /* Main.storyboard in Resources */,
			);
			runOnlyForDeploymentPostprocessing = 0;
		};
/* End PBXResourcesBuildPhase section */

/* Begin PBXSourcesBuildPhase section */
		FFFF484025D6DE7E002389AE /* Sources */ = {
			isa = PBXSourcesBuildPhase;
			buildActionMask = 2147483647;
			files = (
				FFFF486825D6DF33002389AE /* CoreDataStack.swift in Sources */,
				FFFF487825D6E87C002389AE /* Person.xcdatamodeld in Sources */,
				FFFF486F25D6E0BD002389AE /* RandomizerViewController.swift in Sources */,
				FFFF484825D6DE7E002389AE /* AppDelegate.swift in Sources */,
				FFFF487525D6E18A002389AE /* Person+Convenience.swift in Sources */,
				FFFF487225D6E10B002389AE /* RandomizerController.swift in Sources */,
				FFFF484A25D6DE7E002389AE /* SceneDelegate.swift in Sources */,
			);
			runOnlyForDeploymentPostprocessing = 0;
		};
/* End PBXSourcesBuildPhase section */

/* Begin PBXVariantGroup section */
		FFFF484D25D6DE7E002389AE /* Main.storyboard */ = {
			isa = PBXVariantGroup;
			children = (
				FFFF484E25D6DE7E002389AE /* Base */,
			);
			name = Main.storyboard;
			sourceTree = "<group>";
		};
		FFFF485225D6DE7F002389AE /* LaunchScreen.storyboard */ = {
			isa = PBXVariantGroup;
			children = (
				FFFF485325D6DE7F002389AE /* Base */,
			);
			name = LaunchScreen.storyboard;
			sourceTree = "<group>";
		};
/* End PBXVariantGroup section */

/* Begin XCBuildConfiguration section */
		FFFF485625D6DE7F002389AE /* Debug */ = {
			isa = XCBuildConfiguration;
			buildSettings = {
				ALWAYS_SEARCH_USER_PATHS = NO;
				CLANG_ANALYZER_NONNULL = YES;
				CLANG_ANALYZER_NUMBER_OBJECT_CONVERSION = YES_AGGRESSIVE;
				CLANG_CXX_LANGUAGE_STANDARD = "gnu++14";
				CLANG_CXX_LIBRARY = "libc++";
				CLANG_ENABLE_MODULES = YES;
				CLANG_ENABLE_OBJC_ARC = YES;
				CLANG_ENABLE_OBJC_WEAK = YES;
				CLANG_WARN_BLOCK_CAPTURE_AUTORELEASING = YES;
				CLANG_WARN_BOOL_CONVERSION = YES;
				CLANG_WARN_COMMA = YES;
				CLANG_WARN_CONSTANT_CONVERSION = YES;
				CLANG_WARN_DEPRECATED_OBJC_IMPLEMENTATIONS = YES;
				CLANG_WARN_DIRECT_OBJC_ISA_USAGE = YES_ERROR;
				CLANG_WARN_DOCUMENTATION_COMMENTS = YES;
				CLANG_WARN_EMPTY_BODY = YES;
				CLANG_WARN_ENUM_CONVERSION = YES;
				CLANG_WARN_INFINITE_RECURSION = YES;
				CLANG_WARN_INT_CONVERSION = YES;
				CLANG_WARN_NON_LITERAL_NULL_CONVERSION = YES;
				CLANG_WARN_OBJC_IMPLICIT_RETAIN_SELF = YES;
				CLANG_WARN_OBJC_LITERAL_CONVERSION = YES;
				CLANG_WARN_OBJC_ROOT_CLASS = YES_ERROR;
				CLANG_WARN_QUOTED_INCLUDE_IN_FRAMEWORK_HEADER = YES;
				CLANG_WARN_RANGE_LOOP_ANALYSIS = YES;
				CLANG_WARN_STRICT_PROTOTYPES = YES;
				CLANG_WARN_SUSPICIOUS_MOVE = YES;
				CLANG_WARN_UNGUARDED_AVAILABILITY = YES_AGGRESSIVE;
				CLANG_WARN_UNREACHABLE_CODE = YES;
				CLANG_WARN__DUPLICATE_METHOD_MATCH = YES;
				COPY_PHASE_STRIP = NO;
				DEBUG_INFORMATION_FORMAT = dwarf;
				ENABLE_STRICT_OBJC_MSGSEND = YES;
				ENABLE_TESTABILITY = YES;
				GCC_C_LANGUAGE_STANDARD = gnu11;
				GCC_DYNAMIC_NO_PIC = NO;
				GCC_NO_COMMON_BLOCKS = YES;
				GCC_OPTIMIZATION_LEVEL = 0;
				GCC_PREPROCESSOR_DEFINITIONS = (
					"DEBUG=1",
					"$(inherited)",
				);
				GCC_WARN_64_TO_32_BIT_CONVERSION = YES;
				GCC_WARN_ABOUT_RETURN_TYPE = YES_ERROR;
				GCC_WARN_UNDECLARED_SELECTOR = YES;
				GCC_WARN_UNINITIALIZED_AUTOS = YES_AGGRESSIVE;
				GCC_WARN_UNUSED_FUNCTION = YES;
				GCC_WARN_UNUSED_VARIABLE = YES;
				IPHONEOS_DEPLOYMENT_TARGET = 14.3;
				MTL_ENABLE_DEBUG_INFO = INCLUDE_SOURCE;
				MTL_FAST_MATH = YES;
				ONLY_ACTIVE_ARCH = YES;
				SDKROOT = iphoneos;
				SWIFT_ACTIVE_COMPILATION_CONDITIONS = DEBUG;
				SWIFT_OPTIMIZATION_LEVEL = "-Onone";
			};
			name = Debug;
		};
		FFFF485725D6DE7F002389AE /* Release */ = {
			isa = XCBuildConfiguration;
			buildSettings = {
				ALWAYS_SEARCH_USER_PATHS = NO;
				CLANG_ANALYZER_NONNULL = YES;
				CLANG_ANALYZER_NUMBER_OBJECT_CONVERSION = YES_AGGRESSIVE;
				CLANG_CXX_LANGUAGE_STANDARD = "gnu++14";
				CLANG_CXX_LIBRARY = "libc++";
				CLANG_ENABLE_MODULES = YES;
				CLANG_ENABLE_OBJC_ARC = YES;
				CLANG_ENABLE_OBJC_WEAK = YES;
				CLANG_WARN_BLOCK_CAPTURE_AUTORELEASING = YES;
				CLANG_WARN_BOOL_CONVERSION = YES;
				CLANG_WARN_COMMA = YES;
				CLANG_WARN_CONSTANT_CONVERSION = YES;
				CLANG_WARN_DEPRECATED_OBJC_IMPLEMENTATIONS = YES;
				CLANG_WARN_DIRECT_OBJC_ISA_USAGE = YES_ERROR;
				CLANG_WARN_DOCUMENTATION_COMMENTS = YES;
				CLANG_WARN_EMPTY_BODY = YES;
				CLANG_WARN_ENUM_CONVERSION = YES;
				CLANG_WARN_INFINITE_RECURSION = YES;
				CLANG_WARN_INT_CONVERSION = YES;
				CLANG_WARN_NON_LITERAL_NULL_CONVERSION = YES;
				CLANG_WARN_OBJC_IMPLICIT_RETAIN_SELF = YES;
				CLANG_WARN_OBJC_LITERAL_CONVERSION = YES;
				CLANG_WARN_OBJC_ROOT_CLASS = YES_ERROR;
				CLANG_WARN_QUOTED_INCLUDE_IN_FRAMEWORK_HEADER = YES;
				CLANG_WARN_RANGE_LOOP_ANALYSIS = YES;
				CLANG_WARN_STRICT_PROTOTYPES = YES;
				CLANG_WARN_SUSPICIOUS_MOVE = YES;
				CLANG_WARN_UNGUARDED_AVAILABILITY = YES_AGGRESSIVE;
				CLANG_WARN_UNREACHABLE_CODE = YES;
				CLANG_WARN__DUPLICATE_METHOD_MATCH = YES;
				COPY_PHASE_STRIP = NO;
				DEBUG_INFORMATION_FORMAT = "dwarf-with-dsym";
				ENABLE_NS_ASSERTIONS = NO;
				ENABLE_STRICT_OBJC_MSGSEND = YES;
				GCC_C_LANGUAGE_STANDARD = gnu11;
				GCC_NO_COMMON_BLOCKS = YES;
				GCC_WARN_64_TO_32_BIT_CONVERSION = YES;
				GCC_WARN_ABOUT_RETURN_TYPE = YES_ERROR;
				GCC_WARN_UNDECLARED_SELECTOR = YES;
				GCC_WARN_UNINITIALIZED_AUTOS = YES_AGGRESSIVE;
				GCC_WARN_UNUSED_FUNCTION = YES;
				GCC_WARN_UNUSED_VARIABLE = YES;
				IPHONEOS_DEPLOYMENT_TARGET = 14.3;
				MTL_ENABLE_DEBUG_INFO = NO;
				MTL_FAST_MATH = YES;
				SDKROOT = iphoneos;
				SWIFT_COMPILATION_MODE = wholemodule;
				SWIFT_OPTIMIZATION_LEVEL = "-O";
				VALIDATE_PRODUCT = YES;
			};
			name = Release;
		};
		FFFF485925D6DE7F002389AE /* Debug */ = {
			isa = XCBuildConfiguration;
			buildSettings = {
				ASSETCATALOG_COMPILER_APPICON_NAME = AppIcon;
				ASSETCATALOG_COMPILER_GLOBAL_ACCENT_COLOR_NAME = AccentColor;
				CODE_SIGN_STYLE = Automatic;
				DEVELOPMENT_TEAM = 883MB467TW;
				INFOPLIST_FILE = FinalAssessment/Resources/Info.plist;
				LD_RUNPATH_SEARCH_PATHS = (
					"$(inherited)",
					"@executable_path/Frameworks",
				);
				PRODUCT_BUNDLE_IDENTIFIER = com.chriswithers456.FinalAssessment;
				PRODUCT_NAME = "$(TARGET_NAME)";
				SWIFT_VERSION = 5.0;
				TARGETED_DEVICE_FAMILY = "1,2";
			};
			name = Debug;
		};
		FFFF485A25D6DE7F002389AE /* Release */ = {
			isa = XCBuildConfiguration;
			buildSettings = {
				ASSETCATALOG_COMPILER_APPICON_NAME = AppIcon;
				ASSETCATALOG_COMPILER_GLOBAL_ACCENT_COLOR_NAME = AccentColor;
				CODE_SIGN_STYLE = Automatic;
				DEVELOPMENT_TEAM = 883MB467TW;
				INFOPLIST_FILE = FinalAssessment/Resources/Info.plist;
				LD_RUNPATH_SEARCH_PATHS = (
					"$(inherited)",
					"@executable_path/Frameworks",
				);
				PRODUCT_BUNDLE_IDENTIFIER = com.chriswithers456.FinalAssessment;
				PRODUCT_NAME = "$(TARGET_NAME)";
				SWIFT_VERSION = 5.0;
				TARGETED_DEVICE_FAMILY = "1,2";
			};
			name = Release;
		};
/* End XCBuildConfiguration section */

/* Begin XCConfigurationList section */
		FFFF483F25D6DE7E002389AE /* Build configuration list for PBXProject "FinalAssessment" */ = {
			isa = XCConfigurationList;
			buildConfigurations = (
				FFFF485625D6DE7F002389AE /* Debug */,
				FFFF485725D6DE7F002389AE /* Release */,
			);
			defaultConfigurationIsVisible = 0;
			defaultConfigurationName = Release;
		};
		FFFF485825D6DE7F002389AE /* Build configuration list for PBXNativeTarget "FinalAssessment" */ = {
			isa = XCConfigurationList;
			buildConfigurations = (
				FFFF485925D6DE7F002389AE /* Debug */,
				FFFF485A25D6DE7F002389AE /* Release */,
			);
			defaultConfigurationIsVisible = 0;
			defaultConfigurationName = Release;
		};
/* End XCConfigurationList section */

/* Begin XCVersionGroup section */
		FFFF486A25D6DF74002389AE /* Person.xcdatamodeld */ = {
			isa = XCVersionGroup;
			children = (
				FFFF486B25D6DF74002389AE /* Person.xcdatamodel */,
			);
			currentVersion = FFFF486B25D6DF74002389AE /* Person.xcdatamodel */;
			path = Person.xcdatamodeld;
			sourceTree = "<group>";
			versionGroupType = wrapper.xcdatamodel;
		};
/* End XCVersionGroup section */
	};
	rootObject = FFFF483C25D6DE7E002389AE /* Project object */;
}
